
Microsoft Visual Studio Solution File, Format Version 12.00
# Visual Studio Version 17
VisualStudioVersion = 17.0.32112.339
MinimumVisualStudioVersion = 10.0.40219.1
Project("{FAE04EC0-301F-11D3-BF4B-00C04F79EFBC}") = "GestaoEquipamentos.ConsoleApp", "GestaoEquipamentos.ConsoleApp\GestaoEquipamentos.ConsoleApp.csproj", "{E56179FE-13D3-4B8D-ABBD-9C8B84AAF798}"
EndProject
Global
	GlobalSection(SolutionConfigurationPlatforms) = preSolution
		Debug|Any CPU = Debug|Any CPU
		Release|Any CPU = Release|Any CPU
	EndGlobalSection
	GlobalSection(ProjectConfigurationPlatforms) = postSolution
		{E56179FE-13D3-4B8D-ABBD-9C8B84AAF798}.Debug|Any CPU.ActiveCfg = Debug|Any CPU
		{E56179FE-13D3-4B8D-ABBD-9C8B84AAF798}.Debug|Any CPU.Build.0 = Debug|Any CPU
		{E56179FE-13D3-4B8D-ABBD-9C8B84AAF798}.Release|Any CPU.ActiveCfg = Release|Any CPU
		{E56179FE-13D3-4B8D-ABBD-9C8B84AAF798}.Release|Any CPU.Build.0 = Release|Any CPU
	EndGlobalSection
	GlobalSection(SolutionProperties) = preSolution
		HideSolutionNode = FALSE
	EndGlobalSection
	GlobalSection(ExtensibilityGlobals) = postSolution
		SolutionGuid = {33A5F325-6A54-48B8-B9CA-0AE72C9EC394}
	EndGlobalSection
EndGlobal
